
Microsoft Visual Studio Solution File, Format Version 12.00
# Visual Studio Version 17
VisualStudioVersion = 17.9.34701.34
MinimumVisualStudioVersion = 10.0.40219.1
Project("{FAE04EC0-301F-11D3-BF4B-00C04F79EFBC}") = "MauiApp2", "MauiApp2\MauiApp2.csproj", "{16F20AF8-F12F-4C0E-9890-7D74B8681886}"
EndProject
Global
	GlobalSection(SolutionConfigurationPlatforms) = preSolution
		Debug|Any CPU = Debug|Any CPU
		Release|Any CPU = Release|Any CPU
	EndGlobalSection
	GlobalSection(ProjectConfigurationPlatforms) = postSolution
		{16F20AF8-F12F-4C0E-9890-7D74B8681886}.Debug|Any CPU.ActiveCfg = Debug|Any CPU
		{16F20AF8-F12F-4C0E-9890-7D74B8681886}.Debug|Any CPU.Build.0 = Debug|Any CPU
		{16F20AF8-F12F-4C0E-9890-7D74B8681886}.Debug|Any CPU.Deploy.0 = Debug|Any CPU
		{16F20AF8-F12F-4C0E-9890-7D74B8681886}.Release|Any CPU.ActiveCfg = Release|Any CPU
		{16F20AF8-F12F-4C0E-9890-7D74B8681886}.Release|Any CPU.Build.0 = Release|Any CPU
		{16F20AF8-F12F-4C0E-9890-7D74B8681886}.Release|Any CPU.Deploy.0 = Release|Any CPU
	EndGlobalSection
	GlobalSection(SolutionProperties) = preSolution
		HideSolutionNode = FALSE
	EndGlobalSection
	GlobalSection(ExtensibilityGlobals) = postSolution
		SolutionGuid = {91681812-C073-43AE-A77C-E6BA8FA370E8}
	EndGlobalSection
EndGlobal
